{
    "_readme": [
        "This file locks the dependencies of your project to a known state",
        "Read more about it at https://getcomposer.org/doc/01-basic-usage.md#installing-dependencies",
        "This file is @generated automatically"
    ],
    "content-hash": "0f3d83beb7530982c99a0f5510c53a9e",
    "packages": [
        {
            "name": "cluster-queue/core",
            "version": "master",
            "source": {
                "type": "git",
                "url": "https://github.com/cluster-queue/core.git",
                "reference": "unstable"
            },
            "type": "library",
            "time": "2020-11-20T00:26:41+00:00"
        },
        {
            "name": "mumsys/library",
            "version": "master",
            "source": {
                "type": "git",
                "url": "https://github.com/mumsys/library.git",
                "reference": "13dde82"
            },
            "type": "library",
            "time": "2016-06-29T21:00:18+00:00"
        }
    ],
    "packages-dev": [],
    "aliases": [],
    "minimum-stability": "dev",
    "stability-flags": [],
    "prefer-stable": false,
    "prefer-lowest": false,
    "platform": {
        "php": "7.3.* | 7.4.* | 8.0.*"
    },
    "platform-dev": [],
    "plugin-api-version": "1.1.0"
}
